# THIS IS AN AUTOGENERATED FILE. DO NOT EDIT THIS FILE DIRECTLY.
# yarn lockfile v1


csv-parse@^5.3.9:
  version "5.3.9"
  resolved "https://registry.yarnpkg.com/csv-parse/-/csv-parse-5.3.9.tgz#7af0daa161b0213080bb2cdffacd9b699cf48963"
  integrity sha512-Nuh09OE1+wG6x5Lu2T+woxlupPAnWJ6Wj9XVYK74gP646e5gDrUsrCws1zz5NbckpQ+jygnxb8xDLj3gfBxi3w==
